
Microsoft Visual Studio Solution File, Format Version 11.00
# Visual Studio 2010
Project("{FAE04EC0-301F-11D3-BF4B-00C04F79EFBC}") = "Assembly-CSharp", "Assembly-CSharp.csproj", "{d10d5cbb-15ac-82c3-fab7-5db9276d7f77}"
EndProject
Global
	GlobalSection(SolutionConfigurationPlatforms) = preSolution
		Debug|Any CPU = Debug|Any CPU
		Release|Any CPU = Release|Any CPU
	EndGlobalSection
	GlobalSection(ProjectConfigurationPlatforms) = postSolution
		{d10d5cbb-15ac-82c3-fab7-5db9276d7f77}.Debug|Any CPU.ActiveCfg = Debug|Any CPU
		{d10d5cbb-15ac-82c3-fab7-5db9276d7f77}.Debug|Any CPU.Build.0 = Debug|Any CPU
		{d10d5cbb-15ac-82c3-fab7-5db9276d7f77}.Release|Any CPU.ActiveCfg = Release|Any CPU
		{d10d5cbb-15ac-82c3-fab7-5db9276d7f77}.Release|Any CPU.Build.0 = Release|Any CPU
	EndGlobalSection
	GlobalSection(SolutionProperties) = preSolution
		HideSolutionNode = FALSE
	EndGlobalSection
EndGlobal
